
Microsoft Visual Studio Solution File, Format Version 11.00
# Visual C++ Express 2010
Project("{8BC9CEB8-8B4A-11D0-8D11-00A0C91BC942}") = "sequencer", "sequencer.vcxproj", "{F77A9177-D10C-BBFC-CCC6-6D2E0DF59813}"
EndProject
Global
	GlobalSection(SolutionConfigurationPlatforms) = preSolution
		Debug|Win32 = Debug|Win32
		Release|Win32 = Release|Win32
	EndGlobalSection
	GlobalSection(ProjectConfigurationPlatforms) = postSolution
		{F77A9177-D10C-BBFC-CCC6-6D2E0DF59813}.Debug|Win32.ActiveCfg = Debug|Win32
		{F77A9177-D10C-BBFC-CCC6-6D2E0DF59813}.Debug|Win32.Build.0 = Debug|Win32
		{F77A9177-D10C-BBFC-CCC6-6D2E0DF59813}.Release|Win32.ActiveCfg = Release|Win32
		{F77A9177-D10C-BBFC-CCC6-6D2E0DF59813}.Release|Win32.Build.0 = Release|Win32
	EndGlobalSection
	GlobalSection(SolutionProperties) = preSolution
		HideSolutionNode = FALSE
	EndGlobalSection
EndGlobal
