<?xml version="1.0" encoding="utf-8"?>
<Project ToolsVersion="4.0" xmlns="http://schemas.microsoft.com/developer/msbuild/2003">
  <ItemGroup>
    <Filter Include="Fichiers sources">
      <UniqueIdentifier>{4FC737F1-C7A5-4376-A066-2A32D752A2FF}</UniqueIdentifier>
      <Extensions>cpp;c;cc;cxx;def;odl;idl;hpj;bat;asm;asmx</Extensions>
    </Filter>
    <Filter Include="Fichiers d%27en-tête">
      <UniqueIdentifier>{93995380-89BD-4b04-88EB-625FBE52EBFB}</UniqueIdentifier>
      <Extensions>h;hpp;hxx;hm;inl;inc;xsd</Extensions>
    </Filter>
    <Filter Include="Fichiers de ressources">
      <UniqueIdentifier>{67DA6AB6-F800-4c08-8B7A-83BB121AAD01}</UniqueIdentifier>
      <Extensions>rc;ico;cur;bmp;dlg;rc2;rct;bin;rgs;gif;jpg;jpeg;jpe;resx;tiff;tif;png;wav;mfcribbon-ms</Extensions>
    </Filter>
  </ItemGroup>
  <ItemGroup>
    <None Include="Shared_Data.idl" />
  </ItemGroup>
  <ItemGroup>
    <ClCompile Include="WESBMessenger.cpp">
      <Filter>Fichiers sources</Filter>
    </ClCompile>
    <ClCompile Include="gen\Shared_Data.cpp">
      <Filter>Fichiers sources</Filter>
    </ClCompile>
    <ClCompile Include="gen\Shared_DataDcps.cpp">
      <Filter>Fichiers sources</Filter>
    </ClCompile>
    <ClCompile Include="gen\Shared_DataDcps_impl.cpp">
      <Filter>Fichiers sources</Filter>
    </ClCompile>
    <ClCompile Include="gen\Shared_DataSplDcps.cpp">
      <Filter>Fichiers sources</Filter>
    </ClCompile>
    <ClCompile Include="Log.cpp">
      <Filter>Fichiers sources</Filter>
    </ClCompile>
    <ClCompile Include="$(JSONCPP_ROOT)\src\lib_json\json_reader.cpp">
      <Filter>Fichiers sources</Filter>
    </ClCompile>
    <ClCompile Include="$(JSONCPP_ROOT)\src\lib_json\json_value.cpp">
      <Filter>Fichiers sources</Filter>
    </ClCompile>
    <ClCompile Include="$(JSONCPP_ROOT)\src\lib_json\json_writer.cpp">
      <Filter>Fichiers sources</Filter>
    </ClCompile>
  </ItemGroup>
  <ItemGroup>
    <ClInclude Include="gen\ccpp_Shared_Data.h">
      <Filter>Fichiers sources</Filter>
    </ClInclude>
    <ClInclude Include="gen\Shared_Data.h">
      <Filter>Fichiers sources</Filter>
    </ClInclude>
    <ClInclude Include="gen\Shared_DataDcps.h">
      <Filter>Fichiers sources</Filter>
    </ClInclude>
    <ClInclude Include="gen\Shared_DataDcps_impl.h">
      <Filter>Fichiers sources</Filter>
    </ClInclude>
    <ClInclude Include="gen\Shared_DataSplDcps.h">
      <Filter>Fichiers sources</Filter>
    </ClInclude>
    <ClInclude Include="Log.h">
      <Filter>Fichiers sources</Filter>
    </ClInclude>
  </ItemGroup>
</Project>